
Microsoft Visual Studio Solution File, Format Version 12.00
# Visual Studio Version 17
VisualStudioVersion = 17.2.32602.215
MinimumVisualStudioVersion = 10.0.40219.1
Project("{2150E333-8FDC-42A3-9474-1A3956D46DE8}") = "Src", "Src", "{F451380A-54C5-4FE2-A816-64E68B90743A}"
EndProject
Project("{2150E333-8FDC-42A3-9474-1A3956D46DE8}") = "Core", "Core", "{83827AAA-D690-413E-8EF4-84CE36F6F58B}"
EndProject
Project("{2150E333-8FDC-42A3-9474-1A3956D46DE8}") = "Infrastructure", "Infrastructure", "{4F99CA71-8BE3-42E6-A26C-93D372C3B83F}"
EndProject
Project("{2150E333-8FDC-42A3-9474-1A3956D46DE8}") = "Presentation", "Presentation", "{2B4751E8-F1A2-418B-9A83-3B1C698561A0}"
EndProject
Project("{9A19103F-16F7-4668-BE54-9A1E7A4F7556}") = "ALTIMETRIK.ZipUserAPI", "ALTIMETRIK.ZipUserAPI\ALTIMETRIK.ZipUserAPI.csproj", "{48B2F57B-02BE-4E4F-A043-489E716BA589}"
EndProject
Project("{FAE04EC0-301F-11D3-BF4B-00C04F79EFBC}") = "ALTIMETRIK.Application", "ALTIMETRIK.Application\ALTIMETRIK.Application.csproj", "{29AD3FFD-6D01-40B4-84FB-164072CABD29}"
EndProject
Project("{FAE04EC0-301F-11D3-BF4B-00C04F79EFBC}") = "ALTIMETRIK.Domain", "ALTIMETRIK.Domain\ALTIMETRIK.Domain.csproj", "{3A436840-1C7C-4243-AF4F-FA352D5ABBC6}"
EndProject
Project("{FAE04EC0-301F-11D3-BF4B-00C04F79EFBC}") = "ALTIMETRIK.Infrastructure", "ALTIMETRIK.Infrastructure\ALTIMETRIK.Infrastructure.csproj", "{A4987EC7-EC0A-41D2-8215-0EB743B06909}"
EndProject
Project("{FAE04EC0-301F-11D3-BF4B-00C04F79EFBC}") = "ALTIMETRIK.Persistence", "ALTIMETRIK.Persistence\ALTIMETRIK.Persistence.csproj", "{33195F59-B28A-4F57-8D8F-4EAA459B5CD2}"
EndProject
Global
	GlobalSection(SolutionConfigurationPlatforms) = preSolution
		Debug|Any CPU = Debug|Any CPU
		Release|Any CPU = Release|Any CPU
	EndGlobalSection
	GlobalSection(ProjectConfigurationPlatforms) = postSolution
		{48B2F57B-02BE-4E4F-A043-489E716BA589}.Debug|Any CPU.ActiveCfg = Debug|Any CPU
		{48B2F57B-02BE-4E4F-A043-489E716BA589}.Debug|Any CPU.Build.0 = Debug|Any CPU
		{48B2F57B-02BE-4E4F-A043-489E716BA589}.Release|Any CPU.ActiveCfg = Release|Any CPU
		{48B2F57B-02BE-4E4F-A043-489E716BA589}.Release|Any CPU.Build.0 = Release|Any CPU
		{29AD3FFD-6D01-40B4-84FB-164072CABD29}.Debug|Any CPU.ActiveCfg = Debug|Any CPU
		{29AD3FFD-6D01-40B4-84FB-164072CABD29}.Debug|Any CPU.Build.0 = Debug|Any CPU
		{29AD3FFD-6D01-40B4-84FB-164072CABD29}.Release|Any CPU.ActiveCfg = Release|Any CPU
		{29AD3FFD-6D01-40B4-84FB-164072CABD29}.Release|Any CPU.Build.0 = Release|Any CPU
		{3A436840-1C7C-4243-AF4F-FA352D5ABBC6}.Debug|Any CPU.ActiveCfg = Debug|Any CPU
		{3A436840-1C7C-4243-AF4F-FA352D5ABBC6}.Debug|Any CPU.Build.0 = Debug|Any CPU
		{3A436840-1C7C-4243-AF4F-FA352D5ABBC6}.Release|Any CPU.ActiveCfg = Release|Any CPU
		{3A436840-1C7C-4243-AF4F-FA352D5ABBC6}.Release|Any CPU.Build.0 = Release|Any CPU
		{A4987EC7-EC0A-41D2-8215-0EB743B06909}.Debug|Any CPU.ActiveCfg = Debug|Any CPU
		{A4987EC7-EC0A-41D2-8215-0EB743B06909}.Debug|Any CPU.Build.0 = Debug|Any CPU
		{A4987EC7-EC0A-41D2-8215-0EB743B06909}.Release|Any CPU.ActiveCfg = Release|Any CPU
		{A4987EC7-EC0A-41D2-8215-0EB743B06909}.Release|Any CPU.Build.0 = Release|Any CPU
		{33195F59-B28A-4F57-8D8F-4EAA459B5CD2}.Debug|Any CPU.ActiveCfg = Debug|Any CPU
		{33195F59-B28A-4F57-8D8F-4EAA459B5CD2}.Debug|Any CPU.Build.0 = Debug|Any CPU
		{33195F59-B28A-4F57-8D8F-4EAA459B5CD2}.Release|Any CPU.ActiveCfg = Release|Any CPU
		{33195F59-B28A-4F57-8D8F-4EAA459B5CD2}.Release|Any CPU.Build.0 = Release|Any CPU
	EndGlobalSection
	GlobalSection(SolutionProperties) = preSolution
		HideSolutionNode = FALSE
	EndGlobalSection
	GlobalSection(NestedProjects) = preSolution
		{83827AAA-D690-413E-8EF4-84CE36F6F58B} = {F451380A-54C5-4FE2-A816-64E68B90743A}
		{4F99CA71-8BE3-42E6-A26C-93D372C3B83F} = {F451380A-54C5-4FE2-A816-64E68B90743A}
		{2B4751E8-F1A2-418B-9A83-3B1C698561A0} = {F451380A-54C5-4FE2-A816-64E68B90743A}
		{48B2F57B-02BE-4E4F-A043-489E716BA589} = {2B4751E8-F1A2-418B-9A83-3B1C698561A0}
		{29AD3FFD-6D01-40B4-84FB-164072CABD29} = {83827AAA-D690-413E-8EF4-84CE36F6F58B}
		{3A436840-1C7C-4243-AF4F-FA352D5ABBC6} = {83827AAA-D690-413E-8EF4-84CE36F6F58B}
		{A4987EC7-EC0A-41D2-8215-0EB743B06909} = {4F99CA71-8BE3-42E6-A26C-93D372C3B83F}
		{33195F59-B28A-4F57-8D8F-4EAA459B5CD2} = {4F99CA71-8BE3-42E6-A26C-93D372C3B83F}
	EndGlobalSection
	GlobalSection(ExtensibilityGlobals) = postSolution
		SolutionGuid = {2F66323B-2897-43F4-B52D-68730EDD268A}
	EndGlobalSection
EndGlobal
